// !$*UTF8*$!
{
	archiveVersion = 1;
	classes = {
	};
	objectVersion = 55;
	objects = {

/* Begin PBXBuildFile section */
		623DD0A127DAF3BB0050D8FF /* AppDelegate.swift in Sources */ = {isa = PBXBuildFile; fileRef = 623DD0A027DAF3BB0050D8FF /* AppDelegate.swift */; };
		623DD0A327DAF3BB0050D8FF /* SceneDelegate.swift in Sources */ = {isa = PBXBuildFile; fileRef = 623DD0A227DAF3BB0050D8FF /* SceneDelegate.swift */; };
		623DD0A527DAF3BB0050D8FF /* ViewController.swift in Sources */ = {isa = PBXBuildFile; fileRef = 623DD0A427DAF3BB0050D8FF /* ViewController.swift */; };
		623DD0A827DAF3BB0050D8FF /* Main.storyboard in Resources */ = {isa = PBXBuildFile; fileRef = 623DD0A627DAF3BB0050D8FF /* Main.storyboard */; };
		623DD0AA27DAF3BD0050D8FF /* Assets.xcassets in Resources */ = {isa = PBXBuildFile; fileRef = 623DD0A927DAF3BD0050D8FF /* Assets.xcassets */; };
		623DD0AD27DAF3BD0050D8FF /* LaunchScreen.storyboard in Resources */ = {isa = PBXBuildFile; fileRef = 623DD0AB27DAF3BD0050D8FF /* LaunchScreen.storyboard */; };
		623DD0B827DAF3BD0050D8FF /* GithubRepoTests.swift in Sources */ = {isa = PBXBuildFile; fileRef = 623DD0B727DAF3BD0050D8FF /* GithubRepoTests.swift */; };
		623DD0C227DAF3BD0050D8FF /* GithubRepoUITests.swift in Sources */ = {isa = PBXBuildFile; fileRef = 623DD0C127DAF3BD0050D8FF /* GithubRepoUITests.swift */; };
		623DD0C427DAF3BD0050D8FF /* GithubRepoUITestsLaunchTests.swift in Sources */ = {isa = PBXBuildFile; fileRef = 623DD0C327DAF3BD0050D8FF /* GithubRepoUITestsLaunchTests.swift */; };
		62E4128127DE94A800D9B621 /* APIBase.swift in Sources */ = {isa = PBXBuildFile; fileRef = 62E4128027DE94A800D9B621 /* APIBase.swift */; };
		62E4128627DE9E3300D9B621 /* RepositorioCell.swift in Sources */ = {isa = PBXBuildFile; fileRef = 62E4128527DE9E3300D9B621 /* RepositorioCell.swift */; };
/* End PBXBuildFile section */

/* Begin PBXContainerItemProxy section */
		623DD0B427DAF3BD0050D8FF /* PBXContainerItemProxy */ = {
			isa = PBXContainerItemProxy;
			containerPortal = 623DD09527DAF3BA0050D8FF /* Project object */;
			proxyType = 1;
			remoteGlobalIDString = 623DD09C27DAF3BB0050D8FF;
			remoteInfo = GithubRepo;
		};
		623DD0BE27DAF3BD0050D8FF /* PBXContainerItemProxy */ = {
			isa = PBXContainerItemProxy;
			containerPortal = 623DD09527DAF3BA0050D8FF /* Project object */;
			proxyType = 1;
			remoteGlobalIDString = 623DD09C27DAF3BB0050D8FF;
			remoteInfo = GithubRepo;
		};
/* End PBXContainerItemProxy section */

/* Begin PBXFileReference section */
		623DD09D27DAF3BB0050D8FF /* GithubRepo.app */ = {isa = PBXFileReference; explicitFileType = wrapper.application; includeInIndex = 0; path = GithubRepo.app; sourceTree = BUILT_PRODUCTS_DIR; };
		623DD0A027DAF3BB0050D8FF /* AppDelegate.swift */ = {isa = PBXFileReference; lastKnownFileType = sourcecode.swift; path = AppDelegate.swift; sourceTree = "<group>"; };
		623DD0A227DAF3BB0050D8FF /* SceneDelegate.swift */ = {isa = PBXFileReference; lastKnownFileType = sourcecode.swift; path = SceneDelegate.swift; sourceTree = "<group>"; };
		623DD0A427DAF3BB0050D8FF /* ViewController.swift */ = {isa = PBXFileReference; lastKnownFileType = sourcecode.swift; path = ViewController.swift; sourceTree = "<group>"; };
		623DD0A727DAF3BB0050D8FF /* Base */ = {isa = PBXFileReference; lastKnownFileType = file.storyboard; name = Base; path = Base.lproj/Main.storyboard; sourceTree = "<group>"; };
		623DD0A927DAF3BD0050D8FF /* Assets.xcassets */ = {isa = PBXFileReference; lastKnownFileType = folder.assetcatalog; path = Assets.xcassets; sourceTree = "<group>"; };
		623DD0AC27DAF3BD0050D8FF /* Base */ = {isa = PBXFileReference; lastKnownFileType = file.storyboard; name = Base; path = Base.lproj/LaunchScreen.storyboard; sourceTree = "<group>"; };
		623DD0AE27DAF3BD0050D8FF /* Info.plist */ = {isa = PBXFileReference; lastKnownFileType = text.plist.xml; path = Info.plist; sourceTree = "<group>"; };
		623DD0B327DAF3BD0050D8FF /* GithubRepoTests.xctest */ = {isa = PBXFileReference; explicitFileType = wrapper.cfbundle; includeInIndex = 0; path = GithubRepoTests.xctest; sourceTree = BUILT_PRODUCTS_DIR; };
		623DD0B727DAF3BD0050D8FF /* GithubRepoTests.swift */ = {isa = PBXFileReference; lastKnownFileType = sourcecode.swift; path = GithubRepoTests.swift; sourceTree = "<group>"; };
		623DD0BD27DAF3BD0050D8FF /* GithubRepoUITests.xctest */ = {isa = PBXFileReference; explicitFileType = wrapper.cfbundle; includeInIndex = 0; path = GithubRepoUITests.xctest; sourceTree = BUILT_PRODUCTS_DIR; };
		623DD0C127DAF3BD0050D8FF /* GithubRepoUITests.swift */ = {isa = PBXFileReference; lastKnownFileType = sourcecode.swift; path = GithubRepoUITests.swift; sourceTree = "<group>"; };
		623DD0C327DAF3BD0050D8FF /* GithubRepoUITestsLaunchTests.swift */ = {isa = PBXFileReference; lastKnownFileType = sourcecode.swift; path = GithubRepoUITestsLaunchTests.swift; sourceTree = "<group>"; };
		62E4128027DE94A800D9B621 /* APIBase.swift */ = {isa = PBXFileReference; lastKnownFileType = sourcecode.swift; path = APIBase.swift; sourceTree = "<group>"; };
		62E4128527DE9E3300D9B621 /* RepositorioCell.swift */ = {isa = PBXFileReference; lastKnownFileType = sourcecode.swift; path = RepositorioCell.swift; sourceTree = "<group>"; };
/* End PBXFileReference section */

/* Begin PBXFrameworksBuildPhase section */
		623DD09A27DAF3BB0050D8FF /* Frameworks */ = {
			isa = PBXFrameworksBuildPhase;
			buildActionMask = 2147483647;
			files = (
			);
			runOnlyForDeploymentPostprocessing = 0;
		};
		623DD0B027DAF3BD0050D8FF /* Frameworks */ = {
			isa = PBXFrameworksBuildPhase;
			buildActionMask = 2147483647;
			files = (
			);
			runOnlyForDeploymentPostprocessing = 0;
		};
		623DD0BA27DAF3BD0050D8FF /* Frameworks */ = {
			isa = PBXFrameworksBuildPhase;
			buildActionMask = 2147483647;
			files = (
			);
			runOnlyForDeploymentPostprocessing = 0;
		};
/* End PBXFrameworksBuildPhase section */

/* Begin PBXGroup section */
		623DD09427DAF3BA0050D8FF = {
			isa = PBXGroup;
			children = (
				623DD09F27DAF3BB0050D8FF /* GithubRepo */,
				623DD0B627DAF3BD0050D8FF /* GithubRepoTests */,
				623DD0C027DAF3BD0050D8FF /* GithubRepoUITests */,
				623DD09E27DAF3BB0050D8FF /* Products */,
			);
			sourceTree = "<group>";
		};
		623DD09E27DAF3BB0050D8FF /* Products */ = {
			isa = PBXGroup;
			children = (
				623DD09D27DAF3BB0050D8FF /* GithubRepo.app */,
				623DD0B327DAF3BD0050D8FF /* GithubRepoTests.xctest */,
				623DD0BD27DAF3BD0050D8FF /* GithubRepoUITests.xctest */,
			);
			name = Products;
			sourceTree = "<group>";
		};
		623DD09F27DAF3BB0050D8FF /* GithubRepo */ = {
			isa = PBXGroup;
			children = (
				62E4128227DE951400D9B621 /* Controller */,
				62E4127F27DE948F00D9B621 /* Model */,
				62E4127827DE92CB00D9B621 /* View */,
				623DD0A027DAF3BB0050D8FF /* AppDelegate.swift */,
				623DD0A227DAF3BB0050D8FF /* SceneDelegate.swift */,
				623DD0A927DAF3BD0050D8FF /* Assets.xcassets */,
				623DD0AE27DAF3BD0050D8FF /* Info.plist */,
			);
			path = GithubRepo;
			sourceTree = "<group>";
		};
		623DD0B627DAF3BD0050D8FF /* GithubRepoTests */ = {
			isa = PBXGroup;
			children = (
				623DD0B727DAF3BD0050D8FF /* GithubRepoTests.swift */,
			);
			path = GithubRepoTests;
			sourceTree = "<group>";
		};
		623DD0C027DAF3BD0050D8FF /* GithubRepoUITests */ = {
			isa = PBXGroup;
			children = (
				623DD0C127DAF3BD0050D8FF /* GithubRepoUITests.swift */,
				623DD0C327DAF3BD0050D8FF /* GithubRepoUITestsLaunchTests.swift */,
			);
			path = GithubRepoUITests;
			sourceTree = "<group>";
		};
		62E4127827DE92CB00D9B621 /* View */ = {
			isa = PBXGroup;
			children = (
				623DD0A627DAF3BB0050D8FF /* Main.storyboard */,
				623DD0AB27DAF3BD0050D8FF /* LaunchScreen.storyboard */,
			);
			path = View;
			sourceTree = "<group>";
		};
		62E4127F27DE948F00D9B621 /* Model */ = {
			isa = PBXGroup;
			children = (
				62E4128027DE94A800D9B621 /* APIBase.swift */,
				62E4128527DE9E3300D9B621 /* RepositorioCell.swift */,
			);
			path = Model;
			sourceTree = "<group>";
		};
		62E4128227DE951400D9B621 /* Controller */ = {
			isa = PBXGroup;
			children = (
				623DD0A427DAF3BB0050D8FF /* ViewController.swift */,
			);
			path = Controller;
			sourceTree = "<group>";
		};
/* End PBXGroup section */

/* Begin PBXNativeTarget section */
		623DD09C27DAF3BB0050D8FF /* GithubRepo */ = {
			isa = PBXNativeTarget;
			buildConfigurationList = 623DD0C727DAF3BD0050D8FF /* Build configuration list for PBXNativeTarget "GithubRepo" */;
			buildPhases = (
				623DD09927DAF3BB0050D8FF /* Sources */,
				623DD09A27DAF3BB0050D8FF /* Frameworks */,
				623DD09B27DAF3BB0050D8FF /* Resources */,
			);
			buildRules = (
			);
			dependencies = (
			);
			name = GithubRepo;
			productName = GithubRepo;
			productReference = 623DD09D27DAF3BB0050D8FF /* GithubRepo.app */;
			productType = "com.apple.product-type.application";
		};
		623DD0B227DAF3BD0050D8FF /* GithubRepoTests */ = {
			isa = PBXNativeTarget;
			buildConfigurationList = 623DD0CA27DAF3BD0050D8FF /* Build configuration list for PBXNativeTarget "GithubRepoTests" */;
			buildPhases = (
				623DD0AF27DAF3BD0050D8FF /* Sources */,
				623DD0B027DAF3BD0050D8FF /* Frameworks */,
				623DD0B127DAF3BD0050D8FF /* Resources */,
			);
			buildRules = (
			);
			dependencies = (
				623DD0B527DAF3BD0050D8FF /* PBXTargetDependency */,
			);
			name = GithubRepoTests;
			productName = GithubRepoTests;
			productReference = 623DD0B327DAF3BD0050D8FF /* GithubRepoTests.xctest */;
			productType = "com.apple.product-type.bundle.unit-test";
		};
		623DD0BC27DAF3BD0050D8FF /* GithubRepoUITests */ = {
			isa = PBXNativeTarget;
			buildConfigurationList = 623DD0CD27DAF3BD0050D8FF /* Build configuration list for PBXNativeTarget "GithubRepoUITests" */;
			buildPhases = (
				623DD0B927DAF3BD0050D8FF /* Sources */,
				623DD0BA27DAF3BD0050D8FF /* Frameworks */,
				623DD0BB27DAF3BD0050D8FF /* Resources */,
			);
			buildRules = (
			);
			dependencies = (
				623DD0BF27DAF3BD0050D8FF /* PBXTargetDependency */,
			);
			name = GithubRepoUITests;
			productName = GithubRepoUITests;
			productReference = 623DD0BD27DAF3BD0050D8FF /* GithubRepoUITests.xctest */;
			productType = "com.apple.product-type.bundle.ui-testing";
		};
/* End PBXNativeTarget section */

/* Begin PBXProject section */
		623DD09527DAF3BA0050D8FF /* Project object */ = {
			isa = PBXProject;
			attributes = {
				BuildIndependentTargetsInParallel = 1;
				LastSwiftUpdateCheck = 1320;
				LastUpgradeCheck = 1320;
				TargetAttributes = {
					623DD09C27DAF3BB0050D8FF = {
						CreatedOnToolsVersion = 13.2.1;
					};
					623DD0B227DAF3BD0050D8FF = {
						CreatedOnToolsVersion = 13.2.1;
						TestTargetID = 623DD09C27DAF3BB0050D8FF;
					};
					623DD0BC27DAF3BD0050D8FF = {
						CreatedOnToolsVersion = 13.2.1;
						TestTargetID = 623DD09C27DAF3BB0050D8FF;
					};
				};
			};
			buildConfigurationList = 623DD09827DAF3BA0050D8FF /* Build configuration list for PBXProject "GithubRepo" */;
			compatibilityVersion = "Xcode 13.0";
			developmentRegion = en;
			hasScannedForEncodings = 0;
			knownRegions = (
				en,
				Base,
			);
			mainGroup = 623DD09427DAF3BA0050D8FF;
			productRefGroup = 623DD09E27DAF3BB0050D8FF /* Products */;
			projectDirPath = "";
			projectRoot = "";
			targets = (
				623DD09C27DAF3BB0050D8FF /* GithubRepo */,
				623DD0B227DAF3BD0050D8FF /* GithubRepoTests */,
				623DD0BC27DAF3BD0050D8FF /* GithubRepoUITests */,
			);
		};
/* End PBXProject section */

/* Begin PBXResourcesBuildPhase section */
		623DD09B27DAF3BB0050D8FF /* Resources */ = {
			isa = PBXResourcesBuildPhase;
			buildActionMask = 2147483647;
			files = (
				623DD0AD27DAF3BD0050D8FF /* LaunchScreen.storyboard in Resources */,
				623DD0AA27DAF3BD0050D8FF /* Assets.xcassets in Resources */,
				623DD0A827DAF3BB0050D8FF /* Main.storyboard in Resources */,
			);
			runOnlyForDeploymentPostprocessing = 0;
		};
		623DD0B127DAF3BD0050D8FF /* Resources */ = {
			isa = PBXResourcesBuildPhase;
			buildActionMask = 2147483647;
			files = (
			);
			runOnlyForDeploymentPostprocessing = 0;
		};
		623DD0BB27DAF3BD0050D8FF /* Resources */ = {
			isa = PBXResourcesBuildPhase;
			buildActionMask = 2147483647;
			files = (
			);
			runOnlyForDeploymentPostprocessing = 0;
		};
/* End PBXResourcesBuildPhase section */

/* Begin PBXSourcesBuildPhase section */
		623DD09927DAF3BB0050D8FF /* Sources */ = {
			isa = PBXSourcesBuildPhase;
			buildActionMask = 2147483647;
			files = (
				623DD0A527DAF3BB0050D8FF /* ViewController.swift in Sources */,
				62E4128127DE94A800D9B621 /* APIBase.swift in Sources */,
				623DD0A127DAF3BB0050D8FF /* AppDelegate.swift in Sources */,
				623DD0A327DAF3BB0050D8FF /* SceneDelegate.swift in Sources */,
				62E4128627DE9E3300D9B621 /* RepositorioCell.swift in Sources */,
			);
			runOnlyForDeploymentPostprocessing = 0;
		};
		623DD0AF27DAF3BD0050D8FF /* Sources */ = {
			isa = PBXSourcesBuildPhase;
			buildActionMask = 2147483647;
			files = (
				623DD0B827DAF3BD0050D8FF /* GithubRepoTests.swift in Sources */,
			);
			runOnlyForDeploymentPostprocessing = 0;
		};
		623DD0B927DAF3BD0050D8FF /* Sources */ = {
			isa = PBXSourcesBuildPhase;
			buildActionMask = 2147483647;
			files = (
				623DD0C227DAF3BD0050D8FF /* GithubRepoUITests.swift in Sources */,
				623DD0C427DAF3BD0050D8FF /* GithubRepoUITestsLaunchTests.swift in Sources */,
			);
			runOnlyForDeploymentPostprocessing = 0;
		};
/* End PBXSourcesBuildPhase section */

/* Begin PBXTargetDependency section */
		623DD0B527DAF3BD0050D8FF /* PBXTargetDependency */ = {
			isa = PBXTargetDependency;
			target = 623DD09C27DAF3BB0050D8FF /* GithubRepo */;
			targetProxy = 623DD0B427DAF3BD0050D8FF /* PBXContainerItemProxy */;
		};
		623DD0BF27DAF3BD0050D8FF /* PBXTargetDependency */ = {
			isa = PBXTargetDependency;
			target = 623DD09C27DAF3BB0050D8FF /* GithubRepo */;
			targetProxy = 623DD0BE27DAF3BD0050D8FF /* PBXContainerItemProxy */;
		};
/* End PBXTargetDependency section */

/* Begin PBXVariantGroup section */
		623DD0A627DAF3BB0050D8FF /* Main.storyboard */ = {
			isa = PBXVariantGroup;
			children = (
				623DD0A727DAF3BB0050D8FF /* Base */,
			);
			name = Main.storyboard;
			sourceTree = "<group>";
		};
		623DD0AB27DAF3BD0050D8FF /* LaunchScreen.storyboard */ = {
			isa = PBXVariantGroup;
			children = (
				623DD0AC27DAF3BD0050D8FF /* Base */,
			);
			name = LaunchScreen.storyboard;
			sourceTree = "<group>";
		};
/* End PBXVariantGroup section */

/* Begin XCBuildConfiguration section */
		623DD0C527DAF3BD0050D8FF /* Debug */ = {
			isa = XCBuildConfiguration;
			buildSettings = {
				ALWAYS_SEARCH_USER_PATHS = NO;
				CLANG_ANALYZER_NONNULL = YES;
				CLANG_ANALYZER_NUMBER_OBJECT_CONVERSION = YES_AGGRESSIVE;
				CLANG_CXX_LANGUAGE_STANDARD = "gnu++17";
				CLANG_CXX_LIBRARY = "libc++";
				CLANG_ENABLE_MODULES = YES;
				CLANG_ENABLE_OBJC_ARC = YES;
				CLANG_ENABLE_OBJC_WEAK = YES;
				CLANG_WARN_BLOCK_CAPTURE_AUTORELEASING = YES;
				CLANG_WARN_BOOL_CONVERSION = YES;
				CLANG_WARN_COMMA = YES;
				CLANG_WARN_CONSTANT_CONVERSION = YES;
				CLANG_WARN_DEPRECATED_OBJC_IMPLEMENTATIONS = YES;
				CLANG_WARN_DIRECT_OBJC_ISA_USAGE = YES_ERROR;
				CLANG_WARN_DOCUMENTATION_COMMENTS = YES;
				CLANG_WARN_EMPTY_BODY = YES;
				CLANG_WARN_ENUM_CONVERSION = YES;
				CLANG_WARN_INFINITE_RECURSION = YES;
				CLANG_WARN_INT_CONVERSION = YES;
				CLANG_WARN_NON_LITERAL_NULL_CONVERSION = YES;
				CLANG_WARN_OBJC_IMPLICIT_RETAIN_SELF = YES;
				CLANG_WARN_OBJC_LITERAL_CONVERSION = YES;
				CLANG_WARN_OBJC_ROOT_CLASS = YES_ERROR;
				CLANG_WARN_QUOTED_INCLUDE_IN_FRAMEWORK_HEADER = YES;
				CLANG_WARN_RANGE_LOOP_ANALYSIS = YES;
				CLANG_WARN_STRICT_PROTOTYPES = YES;
				CLANG_WARN_SUSPICIOUS_MOVE = YES;
				CLANG_WARN_UNGUARDED_AVAILABILITY = YES_AGGRESSIVE;
				CLANG_WARN_UNREACHABLE_CODE = YES;
				CLANG_WARN__DUPLICATE_METHOD_MATCH = YES;
				COPY_PHASE_STRIP = NO;
				DEBUG_INFORMATION_FORMAT = dwarf;
				ENABLE_STRICT_OBJC_MSGSEND = YES;
				ENABLE_TESTABILITY = YES;
				GCC_C_LANGUAGE_STANDARD = gnu11;
				GCC_DYNAMIC_NO_PIC = NO;
				GCC_NO_COMMON_BLOCKS = YES;
				GCC_OPTIMIZATION_LEVEL = 0;
				GCC_PREPROCESSOR_DEFINITIONS = (
					"DEBUG=1",
					"$(inherited)",
				);
				GCC_WARN_64_TO_32_BIT_CONVERSION = YES;
				GCC_WARN_ABOUT_RETURN_TYPE = YES_ERROR;
				GCC_WARN_UNDECLARED_SELECTOR = YES;
				GCC_WARN_UNINITIALIZED_AUTOS = YES_AGGRESSIVE;
				GCC_WARN_UNUSED_FUNCTION = YES;
				GCC_WARN_UNUSED_VARIABLE = YES;
				IPHONEOS_DEPLOYMENT_TARGET = 15.2;
				MTL_ENABLE_DEBUG_INFO = INCLUDE_SOURCE;
				MTL_FAST_MATH = YES;
				ONLY_ACTIVE_ARCH = YES;
				SDKROOT = iphoneos;
				SWIFT_ACTIVE_COMPILATION_CONDITIONS = DEBUG;
				SWIFT_OPTIMIZATION_LEVEL = "-Onone";
			};
			name = Debug;
		};
		623DD0C627DAF3BD0050D8FF /* Release */ = {
			isa = XCBuildConfiguration;
			buildSettings = {
				ALWAYS_SEARCH_USER_PATHS = NO;
				CLANG_ANALYZER_NONNULL = YES;
				CLANG_ANALYZER_NUMBER_OBJECT_CONVERSION = YES_AGGRESSIVE;
				CLANG_CXX_LANGUAGE_STANDARD = "gnu++17";
				CLANG_CXX_LIBRARY = "libc++";
				CLANG_ENABLE_MODULES = YES;
				CLANG_ENABLE_OBJC_ARC = YES;
				CLANG_ENABLE_OBJC_WEAK = YES;
				CLANG_WARN_BLOCK_CAPTURE_AUTORELEASING = YES;
				CLANG_WARN_BOOL_CONVERSION = YES;
				CLANG_WARN_COMMA = YES;
				CLANG_WARN_CONSTANT_CONVERSION = YES;
				CLANG_WARN_DEPRECATED_OBJC_IMPLEMENTATIONS = YES;
				CLANG_WARN_DIRECT_OBJC_ISA_USAGE = YES_ERROR;
				CLANG_WARN_DOCUMENTATION_COMMENTS = YES;
				CLANG_WARN_EMPTY_BODY = YES;
				CLANG_WARN_ENUM_CONVERSION = YES;
				CLANG_WARN_INFINITE_RECURSION = YES;
				CLANG_WARN_INT_CONVERSION = YES;
				CLANG_WARN_NON_LITERAL_NULL_CONVERSION = YES;
				CLANG_WARN_OBJC_IMPLICIT_RETAIN_SELF = YES;
				CLANG_WARN_OBJC_LITERAL_CONVERSION = YES;
				CLANG_WARN_OBJC_ROOT_CLASS = YES_ERROR;
				CLANG_WARN_QUOTED_INCLUDE_IN_FRAMEWORK_HEADER = YES;
				CLANG_WARN_RANGE_LOOP_ANALYSIS = YES;
				CLANG_WARN_STRICT_PROTOTYPES = YES;
				CLANG_WARN_SUSPICIOUS_MOVE = YES;
				CLANG_WARN_UNGUARDED_AVAILABILITY = YES_AGGRESSIVE;
				CLANG_WARN_UNREACHABLE_CODE = YES;
				CLANG_WARN__DUPLICATE_METHOD_MATCH = YES;
				COPY_PHASE_STRIP = NO;
				DEBUG_INFORMATION_FORMAT = "dwarf-with-dsym";
				ENABLE_NS_ASSERTIONS = NO;
				ENABLE_STRICT_OBJC_MSGSEND = YES;
				GCC_C_LANGUAGE_STANDARD = gnu11;
				GCC_NO_COMMON_BLOCKS = YES;
				GCC_WARN_64_TO_32_BIT_CONVERSION = YES;
				GCC_WARN_ABOUT_RETURN_TYPE = YES_ERROR;
				GCC_WARN_UNDECLARED_SELECTOR = YES;
				GCC_WARN_UNINITIALIZED_AUTOS = YES_AGGRESSIVE;
				GCC_WARN_UNUSED_FUNCTION = YES;
				GCC_WARN_UNUSED_VARIABLE = YES;
				IPHONEOS_DEPLOYMENT_TARGET = 15.2;
				MTL_ENABLE_DEBUG_INFO = NO;
				MTL_FAST_MATH = YES;
				SDKROOT = iphoneos;
				SWIFT_COMPILATION_MODE = wholemodule;
				SWIFT_OPTIMIZATION_LEVEL = "-O";
				VALIDATE_PRODUCT = YES;
			};
			name = Release;
		};
		623DD0C827DAF3BD0050D8FF /* Debug */ = {
			isa = XCBuildConfiguration;
			buildSettings = {
				ASSETCATALOG_COMPILER_APPICON_NAME = AppIcon;
				ASSETCATALOG_COMPILER_GLOBAL_ACCENT_COLOR_NAME = AccentColor;
				CODE_SIGN_STYLE = Automatic;
				CURRENT_PROJECT_VERSION = 1;
				DEVELOPMENT_TEAM = 3GT25T74C9;
				GENERATE_INFOPLIST_FILE = YES;
				INFOPLIST_FILE = GithubRepo/Info.plist;
				INFOPLIST_KEY_UIApplicationSupportsIndirectInputEvents = YES;
				INFOPLIST_KEY_UILaunchStoryboardName = LaunchScreen;
				INFOPLIST_KEY_UIMainStoryboardFile = Main;
				INFOPLIST_KEY_UISupportedInterfaceOrientations_iPad = "UIInterfaceOrientationPortrait UIInterfaceOrientationPortraitUpsideDown UIInterfaceOrientationLandscapeLeft UIInterfaceOrientationLandscapeRight";
				INFOPLIST_KEY_UISupportedInterfaceOrientations_iPhone = "UIInterfaceOrientationPortrait UIInterfaceOrientationLandscapeLeft UIInterfaceOrientationLandscapeRight";
				LD_RUNPATH_SEARCH_PATHS = (
					"$(inherited)",
					"@executable_path/Frameworks",
				);
				MARKETING_VERSION = 1.0;
				PRODUCT_BUNDLE_IDENTIFIER = com.leomello.GithubRepo;
				PRODUCT_NAME = "$(TARGET_NAME)";
				SWIFT_EMIT_LOC_STRINGS = YES;
				SWIFT_VERSION = 5.0;
				TARGETED_DEVICE_FAMILY = "1,2";
			};
			name = Debug;
		};
		623DD0C927DAF3BD0050D8FF /* Release */ = {
			isa = XCBuildConfiguration;
			buildSettings = {
				ASSETCATALOG_COMPILER_APPICON_NAME = AppIcon;
				ASSETCATALOG_COMPILER_GLOBAL_ACCENT_COLOR_NAME = AccentColor;
				CODE_SIGN_STYLE = Automatic;
				CURRENT_PROJECT_VERSION = 1;
				DEVELOPMENT_TEAM = 3GT25T74C9;
				GENERATE_INFOPLIST_FILE = YES;
				INFOPLIST_FILE = GithubRepo/Info.plist;
				INFOPLIST_KEY_UIApplicationSupportsIndirectInputEvents = YES;
				INFOPLIST_KEY_UILaunchStoryboardName = LaunchScreen;
				INFOPLIST_KEY_UIMainStoryboardFile = Main;
				INFOPLIST_KEY_UISupportedInterfaceOrientations_iPad = "UIInterfaceOrientationPortrait UIInterfaceOrientationPortraitUpsideDown UIInterfaceOrientationLandscapeLeft UIInterfaceOrientationLandscapeRight";
				INFOPLIST_KEY_UISupportedInterfaceOrientations_iPhone = "UIInterfaceOrientationPortrait UIInterfaceOrientationLandscapeLeft UIInterfaceOrientationLandscapeRight";
				LD_RUNPATH_SEARCH_PATHS = (
					"$(inherited)",
					"@executable_path/Frameworks",
				);
				MARKETING_VERSION = 1.0;
				PRODUCT_BUNDLE_IDENTIFIER = com.leomello.GithubRepo;
				PRODUCT_NAME = "$(TARGET_NAME)";
				SWIFT_EMIT_LOC_STRINGS = YES;
				SWIFT_VERSION = 5.0;
				TARGETED_DEVICE_FAMILY = "1,2";
			};
			name = Release;
		};
		623DD0CB27DAF3BD0050D8FF /* Debug */ = {
			isa = XCBuildConfiguration;
			buildSettings = {
				ALWAYS_EMBED_SWIFT_STANDARD_LIBRARIES = YES;
				BUNDLE_LOADER = "$(TEST_HOST)";
				CODE_SIGN_STYLE = Automatic;
				CURRENT_PROJECT_VERSION = 1;
				DEVELOPMENT_TEAM = 3GT25T74C9;
				GENERATE_INFOPLIST_FILE = YES;
				IPHONEOS_DEPLOYMENT_TARGET = 15.2;
				MARKETING_VERSION = 1.0;
				PRODUCT_BUNDLE_IDENTIFIER = com.leomello.GithubRepoTests;
				PRODUCT_NAME = "$(TARGET_NAME)";
				SWIFT_EMIT_LOC_STRINGS = NO;
				SWIFT_VERSION = 5.0;
				TARGETED_DEVICE_FAMILY = "1,2";
				TEST_HOST = "$(BUILT_PRODUCTS_DIR)/GithubRepo.app/GithubRepo";
			};
			name = Debug;
		};
		623DD0CC27DAF3BD0050D8FF /* Release */ = {
			isa = XCBuildConfiguration;
			buildSettings = {
				ALWAYS_EMBED_SWIFT_STANDARD_LIBRARIES = YES;
				BUNDLE_LOADER = "$(TEST_HOST)";
				CODE_SIGN_STYLE = Automatic;
				CURRENT_PROJECT_VERSION = 1;
				DEVELOPMENT_TEAM = 3GT25T74C9;
				GENERATE_INFOPLIST_FILE = YES;
				IPHONEOS_DEPLOYMENT_TARGET = 15.2;
				MARKETING_VERSION = 1.0;
				PRODUCT_BUNDLE_IDENTIFIER = com.leomello.GithubRepoTests;
				PRODUCT_NAME = "$(TARGET_NAME)";
				SWIFT_EMIT_LOC_STRINGS = NO;
				SWIFT_VERSION = 5.0;
				TARGETED_DEVICE_FAMILY = "1,2";
				TEST_HOST = "$(BUILT_PRODUCTS_DIR)/GithubRepo.app/GithubRepo";
			};
			name = Release;
		};
		623DD0CE27DAF3BD0050D8FF /* Debug */ = {
			isa = XCBuildConfiguration;
			buildSettings = {
				ALWAYS_EMBED_SWIFT_STANDARD_LIBRARIES = YES;
				CODE_SIGN_STYLE = Automatic;
				CURRENT_PROJECT_VERSION = 1;
				DEVELOPMENT_TEAM = 3GT25T74C9;
				GENERATE_INFOPLIST_FILE = YES;
				MARKETING_VERSION = 1.0;
				PRODUCT_BUNDLE_IDENTIFIER = com.leomello.GithubRepoUITests;
				PRODUCT_NAME = "$(TARGET_NAME)";
				SWIFT_EMIT_LOC_STRINGS = NO;
				SWIFT_VERSION = 5.0;
				TARGETED_DEVICE_FAMILY = "1,2";
				TEST_TARGET_NAME = GithubRepo;
			};
			name = Debug;
		};
		623DD0CF27DAF3BD0050D8FF /* Release */ = {
			isa = XCBuildConfiguration;
			buildSettings = {
				ALWAYS_EMBED_SWIFT_STANDARD_LIBRARIES = YES;
				CODE_SIGN_STYLE = Automatic;
				CURRENT_PROJECT_VERSION = 1;
				DEVELOPMENT_TEAM = 3GT25T74C9;
				GENERATE_INFOPLIST_FILE = YES;
				MARKETING_VERSION = 1.0;
				PRODUCT_BUNDLE_IDENTIFIER = com.leomello.GithubRepoUITests;
				PRODUCT_NAME = "$(TARGET_NAME)";
				SWIFT_EMIT_LOC_STRINGS = NO;
				SWIFT_VERSION = 5.0;
				TARGETED_DEVICE_FAMILY = "1,2";
				TEST_TARGET_NAME = GithubRepo;
			};
			name = Release;
		};
/* End XCBuildConfiguration section */

/* Begin XCConfigurationList section */
		623DD09827DAF3BA0050D8FF /* Build configuration list for PBXProject "GithubRepo" */ = {
			isa = XCConfigurationList;
			buildConfigurations = (
				623DD0C527DAF3BD0050D8FF /* Debug */,
				623DD0C627DAF3BD0050D8FF /* Release */,
			);
			defaultConfigurationIsVisible = 0;
			defaultConfigurationName = Release;
		};
		623DD0C727DAF3BD0050D8FF /* Build configuration list for PBXNativeTarget "GithubRepo" */ = {
			isa = XCConfigurationList;
			buildConfigurations = (
				623DD0C827DAF3BD0050D8FF /* Debug */,
				623DD0C927DAF3BD0050D8FF /* Release */,
			);
			defaultConfigurationIsVisible = 0;
			defaultConfigurationName = Release;
		};
		623DD0CA27DAF3BD0050D8FF /* Build configuration list for PBXNativeTarget "GithubRepoTests" */ = {
			isa = XCConfigurationList;
			buildConfigurations = (
				623DD0CB27DAF3BD0050D8FF /* Debug */,
				623DD0CC27DAF3BD0050D8FF /* Release */,
			);
			defaultConfigurationIsVisible = 0;
			defaultConfigurationName = Release;
		};
		623DD0CD27DAF3BD0050D8FF /* Build configuration list for PBXNativeTarget "GithubRepoUITests" */ = {
			isa = XCConfigurationList;
			buildConfigurations = (
				623DD0CE27DAF3BD0050D8FF /* Debug */,
				623DD0CF27DAF3BD0050D8FF /* Release */,
			);
			defaultConfigurationIsVisible = 0;
			defaultConfigurationName = Release;
		};
/* End XCConfigurationList section */
	};
	rootObject = 623DD09527DAF3BA0050D8FF /* Project object */;
}
